
Microsoft Visual Studio Solution File, Format Version 12.00
# Visual Studio Version 17
VisualStudioVersion = 17.14.36603.0 d17.14
MinimumVisualStudioVersion = 10.0.40219.1
Project("{FAE04EC0-301F-11D3-BF4B-00C04F79EFBC}") = "SoCalledMinimalApi", "SoCalledMinimalApi\SoCalledMinimalApi.csproj", "{53605D60-6037-4CCD-B9B9-894223037DCA}"
EndProject
Global
	GlobalSection(SolutionConfigurationPlatforms) = preSolution
		Debug|Any CPU = Debug|Any CPU
		Release|Any CPU = Release|Any CPU
	EndGlobalSection
	GlobalSection(ProjectConfigurationPlatforms) = postSolution
		{53605D60-6037-4CCD-B9B9-894223037DCA}.Debug|Any CPU.ActiveCfg = Debug|Any CPU
		{53605D60-6037-4CCD-B9B9-894223037DCA}.Debug|Any CPU.Build.0 = Debug|Any CPU
		{53605D60-6037-4CCD-B9B9-894223037DCA}.Release|Any CPU.ActiveCfg = Release|Any CPU
		{53605D60-6037-4CCD-B9B9-894223037DCA}.Release|Any CPU.Build.0 = Release|Any CPU
	EndGlobalSection
	GlobalSection(SolutionProperties) = preSolution
		HideSolutionNode = FALSE
	EndGlobalSection
	GlobalSection(ExtensibilityGlobals) = postSolution
		SolutionGuid = {A54E70C8-5555-47B6-AB42-882E6A03AD15}
	EndGlobalSection
EndGlobal
